Microsoft Visual Studio Solution File, Format Version 12.00
# Visual Studio 14
VisualStudioVersion = 14.0.24720.0
MinimumVisualStudioVersion = 10.0.40219.1
Project("{8BC9CEB8-8B4A-11D0-8D11-00A0C91BC942}") = "Fusion3D", "Fusion3D.vcxproj", "{B097C253-0D52-3D60-B0D7-3ED1BF5098ED}"
EndProject
Project("{FAE04EC0-301F-11D3-BF4B-00C04F79EFBC}") = "FusionReflector", "..\reflector\FusionReflector\FusionReflector.csproj", "{22316B10-DC10-4719-BA85-A6E62728E683}"
EndProject
Global
	GlobalSection(SolutionConfigurationPlatforms) = preSolution
		Debug|Any CPU = Debug|Any CPU
		Debug|Win32 = Debug|Win32
		Debug|x64 = Debug|x64
		MinSizeRel|Any CPU = MinSizeRel|Any CPU
		MinSizeRel|Win32 = MinSizeRel|Win32
		MinSizeRel|x64 = MinSizeRel|x64
		Release|Any CPU = Release|Any CPU
		Release|Win32 = Release|Win32
		Release|x64 = Release|x64
		RelWithDebInfo|Any CPU = RelWithDebInfo|Any CPU
		RelWithDebInfo|Win32 = RelWithDebInfo|Win32
		RelWithDebInfo|x64 = RelWithDebInfo|x64
	EndGlobalSection
	GlobalSection(ProjectConfigurationPlatforms) = postSolution
		{B097C253-0D52-3D60-B0D7-3ED1BF5098ED}.Debug|Any CPU.ActiveCfg = Debug|Win32
		{B097C253-0D52-3D60-B0D7-3ED1BF5098ED}.Debug|Win32.ActiveCfg = Debug|Win32
		{B097C253-0D52-3D60-B0D7-3ED1BF5098ED}.Debug|Win32.Build.0 = Debug|Win32
		{B097C253-0D52-3D60-B0D7-3ED1BF5098ED}.Debug|x64.ActiveCfg = Debug|x64
		{B097C253-0D52-3D60-B0D7-3ED1BF5098ED}.Debug|x64.Build.0 = Debug|x64
		{B097C253-0D52-3D60-B0D7-3ED1BF5098ED}.MinSizeRel|Any CPU.ActiveCfg = MinSizeRel|Win32
		{B097C253-0D52-3D60-B0D7-3ED1BF5098ED}.MinSizeRel|Win32.ActiveCfg = MinSizeRel|Win32
		{B097C253-0D52-3D60-B0D7-3ED1BF5098ED}.MinSizeRel|Win32.Build.0 = MinSizeRel|Win32
		{B097C253-0D52-3D60-B0D7-3ED1BF5098ED}.MinSizeRel|x64.ActiveCfg = MinSizeRel|x64
		{B097C253-0D52-3D60-B0D7-3ED1BF5098ED}.MinSizeRel|x64.Build.0 = MinSizeRel|x64
		{B097C253-0D52-3D60-B0D7-3ED1BF5098ED}.Release|Any CPU.ActiveCfg = Release|Win32
		{B097C253-0D52-3D60-B0D7-3ED1BF5098ED}.Release|Win32.ActiveCfg = Release|Win32
		{B097C253-0D52-3D60-B0D7-3ED1BF5098ED}.Release|Win32.Build.0 = Release|Win32
		{B097C253-0D52-3D60-B0D7-3ED1BF5098ED}.Release|Win32.Deploy.0 = Release|Win32
		{B097C253-0D52-3D60-B0D7-3ED1BF5098ED}.Release|x64.ActiveCfg = Release|x64
		{B097C253-0D52-3D60-B0D7-3ED1BF5098ED}.Release|x64.Build.0 = Release|x64
		{B097C253-0D52-3D60-B0D7-3ED1BF5098ED}.RelWithDebInfo|Any CPU.ActiveCfg = RelWithDebInfo|Win32
		{B097C253-0D52-3D60-B0D7-3ED1BF5098ED}.RelWithDebInfo|Win32.ActiveCfg = RelWithDebInfo|Win32
		{B097C253-0D52-3D60-B0D7-3ED1BF5098ED}.RelWithDebInfo|Win32.Build.0 = RelWithDebInfo|Win32
		{B097C253-0D52-3D60-B0D7-3ED1BF5098ED}.RelWithDebInfo|x64.ActiveCfg = RelWithDebInfo|x64
		{B097C253-0D52-3D60-B0D7-3ED1BF5098ED}.RelWithDebInfo|x64.Build.0 = RelWithDebInfo|x64
		{22316B10-DC10-4719-BA85-A6E62728E683}.Debug|Any CPU.ActiveCfg = Debug|Any CPU
		{22316B10-DC10-4719-BA85-A6E62728E683}.Debug|Any CPU.Build.0 = Debug|Any CPU
		{22316B10-DC10-4719-BA85-A6E62728E683}.Debug|Win32.ActiveCfg = Debug|Any CPU
		{22316B10-DC10-4719-BA85-A6E62728E683}.Debug|Win32.Build.0 = Debug|Any CPU
		{22316B10-DC10-4719-BA85-A6E62728E683}.Debug|x64.ActiveCfg = Debug|Any CPU
		{22316B10-DC10-4719-BA85-A6E62728E683}.Debug|x64.Build.0 = Debug|Any CPU
		{22316B10-DC10-4719-BA85-A6E62728E683}.MinSizeRel|Any CPU.ActiveCfg = Release|Any CPU
		{22316B10-DC10-4719-BA85-A6E62728E683}.MinSizeRel|Any CPU.Build.0 = Release|Any CPU
		{22316B10-DC10-4719-BA85-A6E62728E683}.MinSizeRel|Win32.ActiveCfg = Release|Any CPU
		{22316B10-DC10-4719-BA85-A6E62728E683}.MinSizeRel|Win32.Build.0 = Release|Any CPU
		{22316B10-DC10-4719-BA85-A6E62728E683}.MinSizeRel|x64.ActiveCfg = Release|Any CPU
		{22316B10-DC10-4719-BA85-A6E62728E683}.MinSizeRel|x64.Build.0 = Release|Any CPU
		{22316B10-DC10-4719-BA85-A6E62728E683}.Release|Any CPU.ActiveCfg = Release|Any CPU
		{22316B10-DC10-4719-BA85-A6E62728E683}.Release|Any CPU.Build.0 = Release|Any CPU
		{22316B10-DC10-4719-BA85-A6E62728E683}.Release|Win32.ActiveCfg = Release|Any CPU
		{22316B10-DC10-4719-BA85-A6E62728E683}.Release|Win32.Build.0 = Release|Any CPU
		{22316B10-DC10-4719-BA85-A6E62728E683}.Release|x64.ActiveCfg = Release|Any CPU
		{22316B10-DC10-4719-BA85-A6E62728E683}.Release|x64.Build.0 = Release|Any CPU
		{22316B10-DC10-4719-BA85-A6E62728E683}.RelWithDebInfo|Any CPU.ActiveCfg = Release|Any CPU
		{22316B10-DC10-4719-BA85-A6E62728E683}.RelWithDebInfo|Any CPU.Build.0 = Release|Any CPU
		{22316B10-DC10-4719-BA85-A6E62728E683}.RelWithDebInfo|Win32.ActiveCfg = Release|Any CPU
		{22316B10-DC10-4719-BA85-A6E62728E683}.RelWithDebInfo|Win32.Build.0 = Release|Any CPU
		{22316B10-DC10-4719-BA85-A6E62728E683}.RelWithDebInfo|x64.ActiveCfg = Release|Any CPU
		{22316B10-DC10-4719-BA85-A6E62728E683}.RelWithDebInfo|x64.Build.0 = Release|Any CPU
	EndGlobalSection
	GlobalSection(SolutionProperties) = preSolution
		HideSolutionNode = FALSE
	EndGlobalSection
EndGlobal
